# generated by rye
# use `rye lock` or `rye sync` to update this lockfile
#
# last locked with the following flags:
#   pre: false
#   features: []
#   all-features: false
#   with-sources: false
#   generate-hashes: false

-e file:.
certifi==2024.7.4
    # via requests
charset-normalizer==3.3.2
    # via requests
gensim==4.3.2
    # via collect-knowledge
idna==3.7
    # via requests
numpy==1.26.4
    # via collect-knowledge
    # via gensim
    # via scipy
requests==2.32.3
    # via collect-knowledge
scipy==1.12.0
    # via collect-knowledge
    # via gensim
smart-open==7.0.4
    # via collect-knowledge
    # via gensim
urllib3==2.2.2
    # via requests
wrapt==1.16.0
    # via collect-knowledge
    # via smart-open
